[[package]]
name = "bytewax"
version = "0.9.0"
description = ""
category = "main"
optional = false
python-versions = ">=3.7"

[package.dependencies]
multiprocess = ">=0.70"

[[package]]
name = "certifi"
version = "2022.5.18.1"
description = "Python package for providing Mozilla's CA Bundle."
category = "main"
optional = false
python-versions = ">=3.6"

[[package]]
name = "charset-normalizer"
version = "2.0.12"
description = "The Real First Universal Charset Detector. Open, modern and actively maintained alternative to Chardet."
category = "main"
optional = false
python-versions = ">=3.5.0"

[package.extras]
unicode_backport = ["unicodedata2"]

[[package]]
name = "dill"
version = "0.3.5.1"
description = "serialize all of python"
category = "main"
optional = false
python-versions = ">=2.7, !=3.0.*, !=3.1.*, !=3.2.*, !=3.3.*, !=3.4.*, !=3.5.*, !=3.6.*"

[package.extras]
graph = ["objgraph (>=1.7.2)"]

[[package]]
name = "idna"
version = "3.3"
description = "Internationalized Domain Names in Applications (IDNA)"
category = "main"
optional = false
python-versions = ">=3.5"

[[package]]
name = "kafka-python"
version = "2.0.2"
description = "Pure Python client for Apache Kafka"
category = "main"
optional = false
python-versions = "*"

[package.extras]
crc32c = ["crc32c"]

[[package]]
name = "multiprocess"
version = "0.70.13"
description = "better multiprocessing and multithreading in python"
category = "main"
optional = false
python-versions = ">=2.7, !=3.0.*, !=3.1.*, !=3.2.*, !=3.3.*, !=3.4.*, !=3.5.*, !=3.6.*"

[package.dependencies]
dill = ">=0.3.5.1"

[[package]]
name = "requests"
version = "2.28.0"
description = "Python HTTP for Humans."
category = "main"
optional = false
python-versions = ">=3.7, <4"

[package.dependencies]
certifi = ">=2017.4.17"
charset-normalizer = ">=2.0.0,<2.1.0"
idna = ">=2.5,<4"
urllib3 = ">=1.21.1,<1.27"

[package.extras]
socks = ["PySocks (>=1.5.6,!=1.5.7)"]
use_chardet_on_py3 = ["chardet (>=3.0.2,<5)"]

[[package]]
name = "urllib3"
version = "1.26.9"
description = "HTTP library with thread-safe connection pooling, file post, and more."
category = "main"
optional = false
python-versions = ">=2.7, !=3.0.*, !=3.1.*, !=3.2.*, !=3.3.*, !=3.4.*, <4"

[package.extras]
brotli = ["brotlicffi (>=0.8.0)", "brotli (>=1.0.9)", "brotlipy (>=0.6.0)"]
secure = ["pyOpenSSL (>=0.14)", "cryptography (>=1.3.4)", "idna (>=2.0.0)", "certifi", "ipaddress"]
socks = ["PySocks (>=1.5.6,!=1.5.7,<2.0)"]

[metadata]
lock-version = "1.1"
python-versions = "^3.8"
content-hash = "93b9633af853b792f50d50370081c069e864df79d46db71ab4aad2c23597aefd"

[metadata.files]
bytewax = [
    {file = "bytewax-0.9.0-cp310-cp310-macosx_10_9_x86_64.macosx_11_0_arm64.macosx_10_9_universal2.whl", hash = "sha256:e3a4d34eeb79f3da45285f7f57a2f83e6792978974b5213ebb85899a121fb83c"},
    {file = "bytewax-0.9.0-cp310-cp310-manylinux_2_12_x86_64.manylinux2010_x86_64.whl", hash = "sha256:5ca02718d10dbaef6ae9435d6673ee827bec8a91e88621006a5af7feddde2b6d"},
    {file = "bytewax-0.9.0-cp310-none-win_amd64.whl", hash = "sha256:1b41acd5f36ee6a2609f0f2b06fbfff324ff4816909a338ffafd913c378647d0"},
    {file = "bytewax-0.9.0-cp37-cp37m-macosx_10_9_x86_64.macosx_11_0_arm64.macosx_10_9_universal2.whl", hash = "sha256:8bf521a287d63799522415ddcd07898e5579d7103256f7a27e556ab4a9cbc29d"},
    {file = "bytewax-0.9.0-cp37-cp37m-manylinux_2_12_x86_64.manylinux2010_x86_64.whl", hash = "sha256:553a4002272585e082bbf1c2155cd74f5823d8ca9015ed80681700d18e8ada6f"},
    {file = "bytewax-0.9.0-cp37-none-win_amd64.whl", hash = "sha256:5f57332e2fa47a53505c575c2d67779683fd0dbd7d9f14c75454bb3d8da5f4cc"},
    {file = "bytewax-0.9.0-cp38-cp38-macosx_10_9_x86_64.macosx_11_0_arm64.macosx_10_9_universal2.whl", hash = "sha256:f72b8936c7835d55dfeabb97e27aace3865f30bb37b8c56a68213c2eb196de13"},
    {file = "bytewax-0.9.0-cp38-cp38-manylinux_2_12_x86_64.manylinux2010_x86_64.whl", hash = "sha256:7ee2b6f31b231abc247dc031992141ee140c41a6a946c9166184c11978a2361b"},
    {file = "bytewax-0.9.0-cp38-none-win_amd64.whl", hash = "sha256:0c7cb2f578a944fb5402f836bbc996289b3280b2e6dcf2c667fef493bc96d70a"},
    {file = "bytewax-0.9.0-cp39-cp39-macosx_10_9_x86_64.macosx_11_0_arm64.macosx_10_9_universal2.whl", hash = "sha256:8870320df918cd8a6d8cfdae74e1fce67f127a9394974cf7eabcc086f9605ab4"},
    {file = "bytewax-0.9.0-cp39-cp39-manylinux_2_12_x86_64.manylinux2010_x86_64.whl", hash = "sha256:60a43b349c5fb1743adef1ab5742c57ea092621e66cb382b6653e50d710f562d"},
    {file = "bytewax-0.9.0-cp39-none-win_amd64.whl", hash = "sha256:32bd5c165559a66672c7026c5f43aba984fa2096f592ae859f0b2803fb632d38"},
    {file = "bytewax-0.9.0.tar.gz", hash = "sha256:94bf3cce84d1a98547fa1fdcafae223f8e9e2f96897fcc1a699dd84ebe666e46"},
]
certifi = [
    {file = "certifi-2022.5.18.1-py3-none-any.whl", hash = "sha256:f1d53542ee8cbedbe2118b5686372fb33c297fcd6379b050cca0ef13a597382a"},
    {file = "certifi-2022.5.18.1.tar.gz", hash = "sha256:9c5705e395cd70084351dd8ad5c41e65655e08ce46f2ec9cf6c2c08390f71eb7"},
]
charset-normalizer = [
    {file = "charset-normalizer-2.0.12.tar.gz", hash = "sha256:2857e29ff0d34db842cd7ca3230549d1a697f96ee6d3fb071cfa6c7393832597"},
    {file = "charset_normalizer-2.0.12-py3-none-any.whl", hash = "sha256:6881edbebdb17b39b4eaaa821b438bf6eddffb4468cf344f09f89def34a8b1df"},
]
dill = [
    {file = "dill-0.3.5.1-py2.py3-none-any.whl", hash = "sha256:33501d03270bbe410c72639b350e941882a8b0fd55357580fbc873fba0c59302"},
    {file = "dill-0.3.5.1.tar.gz", hash = "sha256:d75e41f3eff1eee599d738e76ba8f4ad98ea229db8b085318aa2b3333a208c86"},
]
idna = [
    {file = "idna-3.3-py3-none-any.whl", hash = "sha256:84d9dd047ffa80596e0f246e2eab0b391788b0503584e8945f2368256d2735ff"},
    {file = "idna-3.3.tar.gz", hash = "sha256:9d643ff0a55b762d5cdb124b8eaa99c66322e2157b69160bc32796e824360e6d"},
]
kafka-python = [
    {file = "kafka-python-2.0.2.tar.gz", hash = "sha256:04dfe7fea2b63726cd6f3e79a2d86e709d608d74406638c5da33a01d45a9d7e3"},
    {file = "kafka_python-2.0.2-py2.py3-none-any.whl", hash = "sha256:2d92418c7cb1c298fa6c7f0fb3519b520d0d7526ac6cb7ae2a4fc65a51a94b6e"},
]
multiprocess = [
    {file = "multiprocess-0.70.13-cp27-cp27m-macosx_10_14_x86_64.whl", hash = "sha256:b9a3be43ecee6776a9e7223af96914a0164f306affcf4624b213885172236b77"},
    {file = "multiprocess-0.70.13-cp27-cp27m-manylinux1_i686.whl", hash = "sha256:7e6a689da3490412caa7b3e27c3385d8aaa49135f3a353ace94ca47e4c926d37"},
    {file = "multiprocess-0.70.13-cp27-cp27m-manylinux1_x86_64.whl", hash = "sha256:17cb4229aa43e6973679d67c66a454cbf8b6b0d038425cba3220ea5a06d61b58"},
    {file = "multiprocess-0.70.13-cp27-cp27m-win32.whl", hash = "sha256:99bb68dd0d5b3d30fe104721bee26e4637667112d5951b51feb81479fd560876"},
    {file = "multiprocess-0.70.13-cp27-cp27m-win_amd64.whl", hash = "sha256:6cdde49defcb933062df382ebc9b5299beebcd157a98b3a65291c1c94a2edc41"},
    {file = "multiprocess-0.70.13-pp27-pypy_73-macosx_10_7_x86_64.whl", hash = "sha256:92003c247436f8699b7692e95346a238446710f078500eb364bc23bb0503dd4f"},
    {file = "multiprocess-0.70.13-pp27-pypy_73-manylinux2010_x86_64.whl", hash = "sha256:3ec1c8015e19182bfa01b5887a9c25805c48df3c71863f48fe83803147cde5d6"},
    {file = "multiprocess-0.70.13-pp37-pypy37_pp73-macosx_10_9_x86_64.whl", hash = "sha256:b7415f61bddfffdade73396904551be8124a4a363322aa9c72d42e349c5fca39"},
    {file = "multiprocess-0.70.13-pp37-pypy37_pp73-manylinux_2_24_i686.whl", hash = "sha256:5436d1cd9f901f7ddc4f20b6fd0b462c87dcc00d941cc13eeb2401fc5bd00e42"},
    {file = "multiprocess-0.70.13-pp37-pypy37_pp73-manylinux_2_24_x86_64.whl", hash = "sha256:34e9703bd5b9fee5455c93a74e44dbabe55481c214d03be1e65f037be9d0c520"},
    {file = "multiprocess-0.70.13-pp38-pypy38_pp73-macosx_10_9_x86_64.whl", hash = "sha256:af0a48440aa8f793d8bb100f20102c12f192de5a608638819a998f2cc59e1fcd"},
    {file = "multiprocess-0.70.13-pp38-pypy38_pp73-manylinux_2_24_i686.whl", hash = "sha256:c4a97216e8319039c69a266252cc68a392b96f9e67e3ed02ad88be9e6f2d2969"},
    {file = "multiprocess-0.70.13-pp38-pypy38_pp73-manylinux_2_24_x86_64.whl", hash = "sha256:48315eefe02c35dd7560da3fa8af66d9f4a61b9dc8f7c40801c5f972ab4604b1"},
    {file = "multiprocess-0.70.13-pp39-pypy39_pp73-macosx_10_9_x86_64.whl", hash = "sha256:5a6dca5f29f0224c855d0d5cad963476175cfc8de112d3eebe85914cb735f130"},
    {file = "multiprocess-0.70.13-pp39-pypy39_pp73-manylinux_2_24_i686.whl", hash = "sha256:5974bdad390ba466cc130288d2ef1048fdafedd01cf4641fc024f6088af70bfe"},
    {file = "multiprocess-0.70.13-pp39-pypy39_pp73-manylinux_2_24_x86_64.whl", hash = "sha256:01c1137d2f18d0cd262d0fdb7294b1fe9fc3e8dc8b126e506085434ae8eb3677"},
    {file = "multiprocess-0.70.13-py310-none-any.whl", hash = "sha256:0f4faf4811019efdb2f91db09240f893ee40cbfcb06978f3b8ed8c248e73babe"},
    {file = "multiprocess-0.70.13-py37-none-any.whl", hash = "sha256:62e556a0c31ec7176e28aa331663ac26c276ee3536b5e9bb5e850681e7a00f11"},
    {file = "multiprocess-0.70.13-py38-none-any.whl", hash = "sha256:7be9e320a41d2d0d0eddacfe693cfb07b4cb9c0d3d10007f4304255c15215778"},
    {file = "multiprocess-0.70.13-py39-none-any.whl", hash = "sha256:00ef48461d43d1e30f8f4b2e1b287ecaaffec325a37053beb5503e0d69e5a3cd"},
    {file = "multiprocess-0.70.13.tar.gz", hash = "sha256:2e096dd618a84d15aa369a9cf6695815e5539f853dc8fa4f4b9153b11b1d0b32"},
]
requests = [
    {file = "requests-2.28.0-py3-none-any.whl", hash = "sha256:bc7861137fbce630f17b03d3ad02ad0bf978c844f3536d0edda6499dafce2b6f"},
    {file = "requests-2.28.0.tar.gz", hash = "sha256:d568723a7ebd25875d8d1eaf5dfa068cd2fc8194b2e483d7b1f7c81918dbec6b"},
]
urllib3 = [
    {file = "urllib3-1.26.9-py2.py3-none-any.whl", hash = "sha256:44ece4d53fb1706f667c9bd1c648f5469a2ec925fcf3a776667042d645472c14"},
    {file = "urllib3-1.26.9.tar.gz", hash = "sha256:aabaf16477806a5e1dd19aa41f8c2b7950dd3c746362d7e3223dbe6de6ac448e"},
]
